
Microsoft Visual Studio Solution File, Format Version 12.00
# Visual Studio Version 16
VisualStudioVersion = 16.0.29806.167
MinimumVisualStudioVersion = 10.0.40219.1
Project("{FAE04EC0-301F-11D3-BF4B-00C04F79EFBC}") = "GameLauncher", "GameLauncher\GameLauncher.csproj", "{59A5B3E4-3431-49C6-8106-C660EE1A00E9}"
EndProject
Project("{FAE04EC0-301F-11D3-BF4B-00C04F79EFBC}") = "ManifestGenerator", "ManifestGenerator\ManifestGenerator.csproj", "{D79292D7-0AB0-4174-B415-4EF9F9DF2189}"
EndProject
Global
	GlobalSection(SolutionConfigurationPlatforms) = preSolution
		Debug|Any CPU = Debug|Any CPU
		Release|Any CPU = Release|Any CPU
	EndGlobalSection
	GlobalSection(ProjectConfigurationPlatforms) = postSolution
		{59A5B3E4-3431-49C6-8106-C660EE1A00E9}.Debug|Any CPU.ActiveCfg = Debug|Any CPU
		{59A5B3E4-3431-49C6-8106-C660EE1A00E9}.Debug|Any CPU.Build.0 = Debug|Any CPU
		{59A5B3E4-3431-49C6-8106-C660EE1A00E9}.Release|Any CPU.ActiveCfg = Release|Any CPU
		{59A5B3E4-3431-49C6-8106-C660EE1A00E9}.Release|Any CPU.Build.0 = Release|Any CPU
		{D79292D7-0AB0-4174-B415-4EF9F9DF2189}.Debug|Any CPU.ActiveCfg = Debug|Any CPU
		{D79292D7-0AB0-4174-B415-4EF9F9DF2189}.Debug|Any CPU.Build.0 = Debug|Any CPU
		{D79292D7-0AB0-4174-B415-4EF9F9DF2189}.Release|Any CPU.ActiveCfg = Release|Any CPU
		{D79292D7-0AB0-4174-B415-4EF9F9DF2189}.Release|Any CPU.Build.0 = Release|Any CPU
	EndGlobalSection
	GlobalSection(SolutionProperties) = preSolution
		HideSolutionNode = FALSE
	EndGlobalSection
	GlobalSection(ExtensibilityGlobals) = postSolution
		SolutionGuid = {F186D30A-B3A4-4A2B-8B81-53E56599B63F}
	EndGlobalSection
EndGlobal
